
Microsoft Visual Studio Solution File, Format Version 12.00
# Visual Studio Version 16
VisualStudioVersion = 16.0.29613.14
MinimumVisualStudioVersion = 10.0.40219.1
Project("{FAE04EC0-301F-11D3-BF4B-00C04F79EFBC}") = "Demo.Facility", "Demo.Facility\Demo.Facility.csproj", "{B450A636-D80A-48A8-BD4E-3BE8CE0FCD61}"
EndProject
Project("{FAE04EC0-301F-11D3-BF4B-00C04F79EFBC}") = "Demo.Facility.Test", "Demo.Facility.Test\Demo.Facility.Test.csproj", "{62E3C546-A2CF-4385-A56F-9DA0CFF7D8E4}"
EndProject
Global
	GlobalSection(SolutionConfigurationPlatforms) = preSolution
		Debug|Any CPU = Debug|Any CPU
		Release|Any CPU = Release|Any CPU
	EndGlobalSection
	GlobalSection(ProjectConfigurationPlatforms) = postSolution
		{B450A636-D80A-48A8-BD4E-3BE8CE0FCD61}.Debug|Any CPU.ActiveCfg = Debug|Any CPU
		{B450A636-D80A-48A8-BD4E-3BE8CE0FCD61}.Debug|Any CPU.Build.0 = Debug|Any CPU
		{B450A636-D80A-48A8-BD4E-3BE8CE0FCD61}.Release|Any CPU.ActiveCfg = Release|Any CPU
		{B450A636-D80A-48A8-BD4E-3BE8CE0FCD61}.Release|Any CPU.Build.0 = Release|Any CPU
		{62E3C546-A2CF-4385-A56F-9DA0CFF7D8E4}.Debug|Any CPU.ActiveCfg = Debug|Any CPU
		{62E3C546-A2CF-4385-A56F-9DA0CFF7D8E4}.Debug|Any CPU.Build.0 = Debug|Any CPU
		{62E3C546-A2CF-4385-A56F-9DA0CFF7D8E4}.Release|Any CPU.ActiveCfg = Release|Any CPU
		{62E3C546-A2CF-4385-A56F-9DA0CFF7D8E4}.Release|Any CPU.Build.0 = Release|Any CPU
	EndGlobalSection
	GlobalSection(SolutionProperties) = preSolution
		HideSolutionNode = FALSE
	EndGlobalSection
	GlobalSection(ExtensibilityGlobals) = postSolution
		SolutionGuid = {EEE8C417-1DF3-458B-9AE4-60AF659771EB}
	EndGlobalSection
EndGlobal
